
Microsoft Visual Studio Solution File, Format Version 12.00
# Visual Studio Version 17
VisualStudioVersion = 17.7.34003.232
MinimumVisualStudioVersion = 10.0.40219.1
Project("{9A19103F-16F7-4668-BE54-9A1E7A4F7556}") = "RassMobile", "RassModMenu\RassMobile.csproj", "{A466320B-8A74-49B5-8083-5A2C03C1F8FD}"
EndProject
Global
	GlobalSection(SolutionConfigurationPlatforms) = preSolution
		Debug|Any CPU = Debug|Any CPU
		Release|Any CPU = Release|Any CPU
	EndGlobalSection
	GlobalSection(ProjectConfigurationPlatforms) = postSolution
		{A466320B-8A74-49B5-8083-5A2C03C1F8FD}.Debug|Any CPU.ActiveCfg = Debug|Any CPU
		{A466320B-8A74-49B5-8083-5A2C03C1F8FD}.Debug|Any CPU.Build.0 = Debug|Any CPU
		{A466320B-8A74-49B5-8083-5A2C03C1F8FD}.Release|Any CPU.ActiveCfg = Release|Any CPU
		{A466320B-8A74-49B5-8083-5A2C03C1F8FD}.Release|Any CPU.Build.0 = Release|Any CPU
	EndGlobalSection
	GlobalSection(SolutionProperties) = preSolution
		HideSolutionNode = FALSE
	EndGlobalSection
	GlobalSection(ExtensibilityGlobals) = postSolution
		SolutionGuid = {36B9041E-1B2F-4456-908B-64D0DD964B71}
	EndGlobalSection
EndGlobal
